
Microsoft Visual Studio Solution File, Format Version 12.00
# Visual Studio Version 17
VisualStudioVersion = 17.0.31903.59
MinimumVisualStudioVersion = 10.0.40219.1
Project("{FAE04EC0-301F-11D3-BF4B-00C04F79EFBC}") = "flochart", "flochart\flochart.csproj", "{841CCE30-9089-4EF4-844A-862D963E5D5B}"
EndProject
Global
	GlobalSection(SolutionConfigurationPlatforms) = preSolution
		Debug|Any CPU = Debug|Any CPU
		Release|Any CPU = Release|Any CPU
	EndGlobalSection
	GlobalSection(ProjectConfigurationPlatforms) = postSolution
		{841CCE30-9089-4EF4-844A-862D963E5D5B}.Debug|Any CPU.ActiveCfg = Debug|Any CPU
		{841CCE30-9089-4EF4-844A-862D963E5D5B}.Debug|Any CPU.Build.0 = Debug|Any CPU
		{841CCE30-9089-4EF4-844A-862D963E5D5B}.Release|Any CPU.ActiveCfg = Release|Any CPU
		{841CCE30-9089-4EF4-844A-862D963E5D5B}.Release|Any CPU.Build.0 = Release|Any CPU
	EndGlobalSection
	GlobalSection(SolutionProperties) = preSolution
		HideSolutionNode = FALSE
	EndGlobalSection
	GlobalSection(ExtensibilityGlobals) = postSolution
		SolutionGuid = {003DB7EE-6AA5-4001-A3B8-7628DFD570F8}
	EndGlobalSection
EndGlobal
